{
    "name": "resume",
    "version": "0.0.1",
    "lockfileVersion": 1,
    "requires": true,
    "dependencies": {
        "docxtemplater": {
            "version": "3.9.5",
            "resolved": "https://registry.npmjs.org/docxtemplater/-/docxtemplater-3.9.5.tgz",
            "integrity": "sha512-+mtkWmSjKJeB6Y4EGBVc7AkWeJBccrv/lfIYrlLs7GwLD0DCzTuyJI4Dh7m/GClnsQW24EtBzYB2BCTa63/30A==",
            "requires": {
                "xmldom": "^0.1.27"
            }
        },
        "jszip": {
            "version": "2.7.0",
            "resolved": "https://registry.npmjs.org/jszip/-/jszip-2.7.0.tgz",
            "integrity": "sha512-JIsRKRVC3gTRo2vM4Wy9WBC3TRcfnIZU8k65Phi3izkvPH975FowRYtKGT6PxevA0XnJ/yO8b0QwV0ydVyQwfw==",
            "requires": {
                "pako": "~1.0.2"
            }
        },
        "mustache": {
            "version": "3.1.0",
            "resolved": "https://registry.npmjs.org/mustache/-/mustache-3.1.0.tgz",
            "integrity": "sha512-3Bxq1R5LBZp7fbFPZzFe5WN4s0q3+gxZaZuZVY+QctYJiCiVgXHOTIC0/HgZuOPFt/6BQcx5u0H2CUOxT/RoGQ=="
        },
        "pako": {
            "version": "1.0.11",
            "resolved": "https://registry.npmjs.org/pako/-/pako-1.0.11.tgz",
            "integrity": "sha512-4hLB8Py4zZce5s4yd9XzopqwVv/yGNhV1Bl8NTmCq1763HeK2+EwVTv+leGeL13Dnh2wfbqowVPXCIO0z4taYw=="
        },
        "when": {
            "version": "3.1.0",
            "resolved": "https://registry.npmjs.org/when/-/when-3.1.0.tgz",
            "integrity": "sha1-okeWWcoV9yVUHs9S664JG3ge4TQ="
        },
        "xmldom": {
            "version": "0.1.27",
            "resolved": "https://registry.npmjs.org/xmldom/-/xmldom-0.1.27.tgz",
            "integrity": "sha1-1QH5ezvbQDr4757MIFcxh6rawOk="
        }
    }
}
