{
    "name": "resume",
    "version": "0.0.1",
    "lockfileVersion": 3,
    "requires": true,
    "packages": {
        "": {
            "name": "resume",
            "version": "0.0.1",
            "dependencies": {
                "docxtemplater": "^3.35.0",
                "jszip": "^2.6.1",
                "mustache": "^3.1.0",
                "when": "^3.1.0"
            },
            "devDependencies": {},
            "engines": {
                "node": "0.10.32"
            }
        },
        "node_modules/@xmldom/xmldom": {
            "version": "0.8.6",
            "resolved": "https://registry.npmjs.org/@xmldom/xmldom/-/xmldom-0.8.6.tgz",
            "integrity": "sha512-uRjjusqpoqfmRkTaNuLJ2VohVr67Q5YwDATW3VU7PfzTj6IRaihGrYI7zckGZjxQPBIp63nfvJbM+Yu5ICh0Bg==",
            "engines": {
                "node": ">=10.0.0"
            }
        },
        "node_modules/docxtemplater": {
            "version": "3.35.0",
            "resolved": "https://registry.npmjs.org/docxtemplater/-/docxtemplater-3.35.0.tgz",
            "integrity": "sha512-zTaGalbFBKeyr8RsaeoAHDrHnhOA5ZCyOcqvO2x5Pu/Z7yTbEA9KG9yc1fYxwz4awMWtHvR49sbZQS2ju10UOw==",
            "dependencies": {
                "@xmldom/xmldom": "^0.8.6"
            },
            "engines": {
                "node": ">=0.10"
            }
        },
        "node_modules/jszip": {
            "version": "2.6.1",
            "resolved": "https://registry.npmjs.org/jszip/-/jszip-2.6.1.tgz",
            "integrity": "sha1-uI86ey5noqBIFSmCx6N1bZxIKPA=",
            "dependencies": {
                "pako": "~1.0.2"
            }
        },
        "node_modules/mustache": {
            "version": "3.1.0",
            "resolved": "https://registry.npmjs.org/mustache/-/mustache-3.1.0.tgz",
            "integrity": "sha512-3Bxq1R5LBZp7fbFPZzFe5WN4s0q3+gxZaZuZVY+QctYJiCiVgXHOTIC0/HgZuOPFt/6BQcx5u0H2CUOxT/RoGQ==",
            "bin": {
                "mustache": "bin/mustache"
            },
            "engines": {
                "npm": ">=1.4.0"
            }
        },
        "node_modules/pako": {
            "version": "1.0.7",
            "resolved": "https://registry.npmjs.org/pako/-/pako-1.0.7.tgz",
            "integrity": "sha512-3HNK5tW4x8o5mO8RuHZp3Ydw9icZXx0RANAOMzlMzx7LVXhMJ4mo3MOBpzyd7r/+RUu8BmndP47LXT+vzjtWcQ=="
        },
        "node_modules/when": {
            "version": "3.1.0",
            "resolved": "https://registry.npmjs.org/when/-/when-3.1.0.tgz",
            "integrity": "sha1-okeWWcoV9yVUHs9S664JG3ge4TQ="
        }
    }
}
