{
    "name": "resume",
    "version": "0.0.1",
    "lockfileVersion": 1,
    "requires": true,
    "dependencies": {
        "docxtemplater": {
            "version": "3.9.5",
            "resolved": "https://registry.npmjs.org/docxtemplater/-/docxtemplater-3.9.5.tgz",
            "integrity": "sha512-+mtkWmSjKJeB6Y4EGBVc7AkWeJBccrv/lfIYrlLs7GwLD0DCzTuyJI4Dh7m/GClnsQW24EtBzYB2BCTa63/30A==",
            "requires": {
                "xmldom": "^0.1.27"
            }
        },
        "jszip": {
            "version": "2.6.1",
            "resolved": "https://registry.npmjs.org/jszip/-/jszip-2.6.1.tgz",
            "integrity": "sha1-uI86ey5noqBIFSmCx6N1bZxIKPA=",
            "requires": {
                "pako": "~1.0.2"
            }
        },
        "mustache": {
            "version": "0.8.2",
            "resolved": "http://registry.npmjs.org/mustache/-/mustache-0.8.2.tgz",
            "integrity": "sha1-v1uSK49Azc+5HANdzZFhENFiH5s="
        },
        "pako": {
            "version": "1.0.7",
            "resolved": "https://registry.npmjs.org/pako/-/pako-1.0.7.tgz",
            "integrity": "sha512-3HNK5tW4x8o5mO8RuHZp3Ydw9icZXx0RANAOMzlMzx7LVXhMJ4mo3MOBpzyd7r/+RUu8BmndP47LXT+vzjtWcQ=="
        },
        "when": {
            "version": "3.1.0",
            "resolved": "https://registry.npmjs.org/when/-/when-3.1.0.tgz",
            "integrity": "sha1-okeWWcoV9yVUHs9S664JG3ge4TQ="
        },
        "xmldom": {
            "version": "0.1.27",
            "resolved": "https://registry.npmjs.org/xmldom/-/xmldom-0.1.27.tgz",
            "integrity": "sha1-1QH5ezvbQDr4757MIFcxh6rawOk="
        }
    }
}
