{
    "name": "resume",
    "version": "0.0.1",
    "lockfileVersion": 3,
    "requires": true,
    "packages": {
        "": {
            "name": "resume",
            "version": "0.0.1",
            "dependencies": {
                "docxtemplater": "^3.9.5",
                "jszip": "^2.6.1",
                "mustache": "^3.1.0",
                "when": "^3.1.0"
            },
            "devDependencies": {},
            "engines": {
                "node": "0.10.32"
            }
        },
        "node_modules/docxtemplater": {
            "version": "3.9.5",
            "resolved": "https://registry.npmjs.org/docxtemplater/-/docxtemplater-3.9.5.tgz",
            "integrity": "sha512-+mtkWmSjKJeB6Y4EGBVc7AkWeJBccrv/lfIYrlLs7GwLD0DCzTuyJI4Dh7m/GClnsQW24EtBzYB2BCTa63/30A==",
            "dependencies": {
                "xmldom": "^0.1.27"
            },
            "engines": {
                "node": ">=0.10"
            }
        },
        "node_modules/jszip": {
            "version": "2.6.1",
            "resolved": "https://registry.npmjs.org/jszip/-/jszip-2.6.1.tgz",
            "integrity": "sha1-uI86ey5noqBIFSmCx6N1bZxIKPA=",
            "dependencies": {
                "pako": "~1.0.2"
            }
        },
        "node_modules/mustache": {
            "version": "3.1.0",
            "resolved": "https://registry.npmjs.org/mustache/-/mustache-3.1.0.tgz",
            "integrity": "sha512-3Bxq1R5LBZp7fbFPZzFe5WN4s0q3+gxZaZuZVY+QctYJiCiVgXHOTIC0/HgZuOPFt/6BQcx5u0H2CUOxT/RoGQ==",
            "bin": {
                "mustache": "bin/mustache"
            },
            "engines": {
                "npm": ">=1.4.0"
            }
        },
        "node_modules/pako": {
            "version": "1.0.7",
            "resolved": "https://registry.npmjs.org/pako/-/pako-1.0.7.tgz",
            "integrity": "sha512-3HNK5tW4x8o5mO8RuHZp3Ydw9icZXx0RANAOMzlMzx7LVXhMJ4mo3MOBpzyd7r/+RUu8BmndP47LXT+vzjtWcQ=="
        },
        "node_modules/when": {
            "version": "3.1.0",
            "resolved": "https://registry.npmjs.org/when/-/when-3.1.0.tgz",
            "integrity": "sha1-okeWWcoV9yVUHs9S664JG3ge4TQ="
        },
        "node_modules/xmldom": {
            "version": "0.1.27",
            "resolved": "https://registry.npmjs.org/xmldom/-/xmldom-0.1.27.tgz",
            "integrity": "sha1-1QH5ezvbQDr4757MIFcxh6rawOk=",
            "deprecated": "Deprecated due to CVE-2021-21366 resolved in 0.5.0",
            "engines": {
                "node": ">=0.1"
            }
        }
    }
}
